// !$*UTF8*$!
{
	archiveVersion = 1;
	classes = {
	};
	objectVersion = 50;
	objects = {

/* Begin PBXBuildFile section */
		AFB3BC7E23FB0F2F006BB76C /* AppDelegate.swift in Sources */ = {isa = PBXBuildFile; fileRef = AFB3BC7D23FB0F2F006BB76C /* AppDelegate.swift */; };
		AFB3BC8023FB0F2F006BB76C /* SceneDelegate.swift in Sources */ = {isa = PBXBuildFile; fileRef = AFB3BC7F23FB0F2F006BB76C /* SceneDelegate.swift */; };
		AFB3BC8323FB0F2F006BB76C /* Affinis_Student_Messenger.xcdatamodeld in Sources */ = {isa = PBXBuildFile; fileRef = AFB3BC8123FB0F2F006BB76C /* Affinis_Student_Messenger.xcdatamodeld */; };
		AFB3BC8523FB0F2F006BB76C /* ContentView.swift in Sources */ = {isa = PBXBuildFile; fileRef = AFB3BC8423FB0F2F006BB76C /* ContentView.swift */; };
		AFB3BC8723FB0F30006BB76C /* Assets.xcassets in Resources */ = {isa = PBXBuildFile; fileRef = AFB3BC8623FB0F30006BB76C /* Assets.xcassets */; };
		AFB3BC8A23FB0F30006BB76C /* Preview Assets.xcassets in Resources */ = {isa = PBXBuildFile; fileRef = AFB3BC8923FB0F30006BB76C /* Preview Assets.xcassets */; };
		AFB3BC8D23FB0F30006BB76C /* LaunchScreen.storyboard in Resources */ = {isa = PBXBuildFile; fileRef = AFB3BC8B23FB0F30006BB76C /* LaunchScreen.storyboard */; };
		AFB3BC9823FB0F30006BB76C /* Affinis_Student_MessengerTests.swift in Sources */ = {isa = PBXBuildFile; fileRef = AFB3BC9723FB0F30006BB76C /* Affinis_Student_MessengerTests.swift */; };
		AFB3BCA323FB0F30006BB76C /* Affinis_Student_MessengerUITests.swift in Sources */ = {isa = PBXBuildFile; fileRef = AFB3BCA223FB0F30006BB76C /* Affinis_Student_MessengerUITests.swift */; };
/* End PBXBuildFile section */

/* Begin PBXContainerItemProxy section */
		AFB3BC9423FB0F30006BB76C /* PBXContainerItemProxy */ = {
			isa = PBXContainerItemProxy;
			containerPortal = AFB3BC7223FB0F2F006BB76C /* Project object */;
			proxyType = 1;
			remoteGlobalIDString = AFB3BC7923FB0F2F006BB76C;
			remoteInfo = "Affinis-Student-Messenger";
		};
		AFB3BC9F23FB0F30006BB76C /* PBXContainerItemProxy */ = {
			isa = PBXContainerItemProxy;
			containerPortal = AFB3BC7223FB0F2F006BB76C /* Project object */;
			proxyType = 1;
			remoteGlobalIDString = AFB3BC7923FB0F2F006BB76C;
			remoteInfo = "Affinis-Student-Messenger";
		};
/* End PBXContainerItemProxy section */

/* Begin PBXFileReference section */
		AFB3BC7A23FB0F2F006BB76C /* Affinis-Student-Messenger.app */ = {isa = PBXFileReference; explicitFileType = wrapper.application; includeInIndex = 0; path = "Affinis-Student-Messenger.app"; sourceTree = BUILT_PRODUCTS_DIR; };
		AFB3BC7D23FB0F2F006BB76C /* AppDelegate.swift */ = {isa = PBXFileReference; lastKnownFileType = sourcecode.swift; path = AppDelegate.swift; sourceTree = "<group>"; };
		AFB3BC7F23FB0F2F006BB76C /* SceneDelegate.swift */ = {isa = PBXFileReference; lastKnownFileType = sourcecode.swift; path = SceneDelegate.swift; sourceTree = "<group>"; };
		AFB3BC8223FB0F2F006BB76C /* Affinis_Student_Messenger.xcdatamodel */ = {isa = PBXFileReference; lastKnownFileType = wrapper.xcdatamodel; path = Affinis_Student_Messenger.xcdatamodel; sourceTree = "<group>"; };
		AFB3BC8423FB0F2F006BB76C /* ContentView.swift */ = {isa = PBXFileReference; lastKnownFileType = sourcecode.swift; path = ContentView.swift; sourceTree = "<group>"; };
		AFB3BC8623FB0F30006BB76C /* Assets.xcassets */ = {isa = PBXFileReference; lastKnownFileType = folder.assetcatalog; path = Assets.xcassets; sourceTree = "<group>"; };
		AFB3BC8923FB0F30006BB76C /* Preview Assets.xcassets */ = {isa = PBXFileReference; lastKnownFileType = folder.assetcatalog; path = "Preview Assets.xcassets"; sourceTree = "<group>"; };
		AFB3BC8C23FB0F30006BB76C /* Base */ = {isa = PBXFileReference; lastKnownFileType = file.storyboard; name = Base; path = Base.lproj/LaunchScreen.storyboard; sourceTree = "<group>"; };
		AFB3BC8E23FB0F30006BB76C /* Info.plist */ = {isa = PBXFileReference; lastKnownFileType = text.plist.xml; path = Info.plist; sourceTree = "<group>"; };
		AFB3BC9323FB0F30006BB76C /* Affinis-Student-MessengerTests.xctest */ = {isa = PBXFileReference; explicitFileType = wrapper.cfbundle; includeInIndex = 0; path = "Affinis-Student-MessengerTests.xctest"; sourceTree = BUILT_PRODUCTS_DIR; };
		AFB3BC9723FB0F30006BB76C /* Affinis_Student_MessengerTests.swift */ = {isa = PBXFileReference; lastKnownFileType = sourcecode.swift; path = Affinis_Student_MessengerTests.swift; sourceTree = "<group>"; };
		AFB3BC9923FB0F30006BB76C /* Info.plist */ = {isa = PBXFileReference; lastKnownFileType = text.plist.xml; path = Info.plist; sourceTree = "<group>"; };
		AFB3BC9E23FB0F30006BB76C /* Affinis-Student-MessengerUITests.xctest */ = {isa = PBXFileReference; explicitFileType = wrapper.cfbundle; includeInIndex = 0; path = "Affinis-Student-MessengerUITests.xctest"; sourceTree = BUILT_PRODUCTS_DIR; };
		AFB3BCA223FB0F30006BB76C /* Affinis_Student_MessengerUITests.swift */ = {isa = PBXFileReference; lastKnownFileType = sourcecode.swift; path = Affinis_Student_MessengerUITests.swift; sourceTree = "<group>"; };
		AFB3BCA423FB0F30006BB76C /* Info.plist */ = {isa = PBXFileReference; lastKnownFileType = text.plist.xml; path = Info.plist; sourceTree = "<group>"; };
/* End PBXFileReference section */

/* Begin PBXFrameworksBuildPhase section */
		AFB3BC7723FB0F2F006BB76C /* Frameworks */ = {
			isa = PBXFrameworksBuildPhase;
			buildActionMask = 2147483647;
			files = (
			);
			runOnlyForDeploymentPostprocessing = 0;
		};
		AFB3BC9023FB0F30006BB76C /* Frameworks */ = {
			isa = PBXFrameworksBuildPhase;
			buildActionMask = 2147483647;
			files = (
			);
			runOnlyForDeploymentPostprocessing = 0;
		};
		AFB3BC9B23FB0F30006BB76C /* Frameworks */ = {
			isa = PBXFrameworksBuildPhase;
			buildActionMask = 2147483647;
			files = (
			);
			runOnlyForDeploymentPostprocessing = 0;
		};
/* End PBXFrameworksBuildPhase section */

/* Begin PBXGroup section */
		AFB3BC7123FB0F2F006BB76C = {
			isa = PBXGroup;
			children = (
				AFB3BC7C23FB0F2F006BB76C /* Affinis-Student-Messenger */,
				AFB3BC9623FB0F30006BB76C /* Affinis-Student-MessengerTests */,
				AFB3BCA123FB0F30006BB76C /* Affinis-Student-MessengerUITests */,
				AFB3BC7B23FB0F2F006BB76C /* Products */,
			);
			sourceTree = "<group>";
		};
		AFB3BC7B23FB0F2F006BB76C /* Products */ = {
			isa = PBXGroup;
			children = (
				AFB3BC7A23FB0F2F006BB76C /* Affinis-Student-Messenger.app */,
				AFB3BC9323FB0F30006BB76C /* Affinis-Student-MessengerTests.xctest */,
				AFB3BC9E23FB0F30006BB76C /* Affinis-Student-MessengerUITests.xctest */,
			);
			name = Products;
			sourceTree = "<group>";
		};
		AFB3BC7C23FB0F2F006BB76C /* Affinis-Student-Messenger */ = {
			isa = PBXGroup;
			children = (
				AFB3BC7D23FB0F2F006BB76C /* AppDelegate.swift */,
				AFB3BC7F23FB0F2F006BB76C /* SceneDelegate.swift */,
				AFB3BC8423FB0F2F006BB76C /* ContentView.swift */,
				AFB3BC8623FB0F30006BB76C /* Assets.xcassets */,
				AFB3BC8B23FB0F30006BB76C /* LaunchScreen.storyboard */,
				AFB3BC8E23FB0F30006BB76C /* Info.plist */,
				AFB3BC8123FB0F2F006BB76C /* Affinis_Student_Messenger.xcdatamodeld */,
				AFB3BC8823FB0F30006BB76C /* Preview Content */,
			);
			path = "Affinis-Student-Messenger";
			sourceTree = "<group>";
		};
		AFB3BC8823FB0F30006BB76C /* Preview Content */ = {
			isa = PBXGroup;
			children = (
				AFB3BC8923FB0F30006BB76C /* Preview Assets.xcassets */,
			);
			path = "Preview Content";
			sourceTree = "<group>";
		};
		AFB3BC9623FB0F30006BB76C /* Affinis-Student-MessengerTests */ = {
			isa = PBXGroup;
			children = (
				AFB3BC9723FB0F30006BB76C /* Affinis_Student_MessengerTests.swift */,
				AFB3BC9923FB0F30006BB76C /* Info.plist */,
			);
			path = "Affinis-Student-MessengerTests";
			sourceTree = "<group>";
		};
		AFB3BCA123FB0F30006BB76C /* Affinis-Student-MessengerUITests */ = {
			isa = PBXGroup;
			children = (
				AFB3BCA223FB0F30006BB76C /* Affinis_Student_MessengerUITests.swift */,
				AFB3BCA423FB0F30006BB76C /* Info.plist */,
			);
			path = "Affinis-Student-MessengerUITests";
			sourceTree = "<group>";
		};
/* End PBXGroup section */

/* Begin PBXNativeTarget section */
		AFB3BC7923FB0F2F006BB76C /* Affinis-Student-Messenger */ = {
			isa = PBXNativeTarget;
			buildConfigurationList = AFB3BCA723FB0F30006BB76C /* Build configuration list for PBXNativeTarget "Affinis-Student-Messenger" */;
			buildPhases = (
				AFB3BC7623FB0F2F006BB76C /* Sources */,
				AFB3BC7723FB0F2F006BB76C /* Frameworks */,
				AFB3BC7823FB0F2F006BB76C /* Resources */,
			);
			buildRules = (
			);
			dependencies = (
			);
			name = "Affinis-Student-Messenger";
			productName = "Affinis-Student-Messenger";
			productReference = AFB3BC7A23FB0F2F006BB76C /* Affinis-Student-Messenger.app */;
			productType = "com.apple.product-type.application";
		};
		AFB3BC9223FB0F30006BB76C /* Affinis-Student-MessengerTests */ = {
			isa = PBXNativeTarget;
			buildConfigurationList = AFB3BCAA23FB0F30006BB76C /* Build configuration list for PBXNativeTarget "Affinis-Student-MessengerTests" */;
			buildPhases = (
				AFB3BC8F23FB0F30006BB76C /* Sources */,
				AFB3BC9023FB0F30006BB76C /* Frameworks */,
				AFB3BC9123FB0F30006BB76C /* Resources */,
			);
			buildRules = (
			);
			dependencies = (
				AFB3BC9523FB0F30006BB76C /* PBXTargetDependency */,
			);
			name = "Affinis-Student-MessengerTests";
			productName = "Affinis-Student-MessengerTests";
			productReference = AFB3BC9323FB0F30006BB76C /* Affinis-Student-MessengerTests.xctest */;
			productType = "com.apple.product-type.bundle.unit-test";
		};
		AFB3BC9D23FB0F30006BB76C /* Affinis-Student-MessengerUITests */ = {
			isa = PBXNativeTarget;
			buildConfigurationList = AFB3BCAD23FB0F30006BB76C /* Build configuration list for PBXNativeTarget "Affinis-Student-MessengerUITests" */;
			buildPhases = (
				AFB3BC9A23FB0F30006BB76C /* Sources */,
				AFB3BC9B23FB0F30006BB76C /* Frameworks */,
				AFB3BC9C23FB0F30006BB76C /* Resources */,
			);
			buildRules = (
			);
			dependencies = (
				AFB3BCA023FB0F30006BB76C /* PBXTargetDependency */,
			);
			name = "Affinis-Student-MessengerUITests";
			productName = "Affinis-Student-MessengerUITests";
			productReference = AFB3BC9E23FB0F30006BB76C /* Affinis-Student-MessengerUITests.xctest */;
			productType = "com.apple.product-type.bundle.ui-testing";
		};
/* End PBXNativeTarget section */

/* Begin PBXProject section */
		AFB3BC7223FB0F2F006BB76C /* Project object */ = {
			isa = PBXProject;
			attributes = {
				LastSwiftUpdateCheck = 1120;
				LastUpgradeCheck = 1120;
				ORGANIZATIONNAME = "Ethan Bütt";
				TargetAttributes = {
					AFB3BC7923FB0F2F006BB76C = {
						CreatedOnToolsVersion = 11.2.1;
					};
					AFB3BC9223FB0F30006BB76C = {
						CreatedOnToolsVersion = 11.2.1;
						TestTargetID = AFB3BC7923FB0F2F006BB76C;
					};
					AFB3BC9D23FB0F30006BB76C = {
						CreatedOnToolsVersion = 11.2.1;
						TestTargetID = AFB3BC7923FB0F2F006BB76C;
					};
				};
			};
			buildConfigurationList = AFB3BC7523FB0F2F006BB76C /* Build configuration list for PBXProject "Affinis-Student-Messenger" */;
			compatibilityVersion = "Xcode 9.3";
			developmentRegion = en;
			hasScannedForEncodings = 0;
			knownRegions = (
				en,
				Base,
			);
			mainGroup = AFB3BC7123FB0F2F006BB76C;
			productRefGroup = AFB3BC7B23FB0F2F006BB76C /* Products */;
			projectDirPath = "";
			projectRoot = "";
			targets = (
				AFB3BC7923FB0F2F006BB76C /* Affinis-Student-Messenger */,
				AFB3BC9223FB0F30006BB76C /* Affinis-Student-MessengerTests */,
				AFB3BC9D23FB0F30006BB76C /* Affinis-Student-MessengerUITests */,
			);
		};
/* End PBXProject section */

/* Begin PBXResourcesBuildPhase section */
		AFB3BC7823FB0F2F006BB76C /* Resources */ = {
			isa = PBXResourcesBuildPhase;
			buildActionMask = 2147483647;
			files = (
				AFB3BC8D23FB0F30006BB76C /* LaunchScreen.storyboard in Resources */,
				AFB3BC8A23FB0F30006BB76C /* Preview Assets.xcassets in Resources */,
				AFB3BC8723FB0F30006BB76C /* Assets.xcassets in Resources */,
			);
			runOnlyForDeploymentPostprocessing = 0;
		};
		AFB3BC9123FB0F30006BB76C /* Resources */ = {
			isa = PBXResourcesBuildPhase;
			buildActionMask = 2147483647;
			files = (
			);
			runOnlyForDeploymentPostprocessing = 0;
		};
		AFB3BC9C23FB0F30006BB76C /* Resources */ = {
			isa = PBXResourcesBuildPhase;
			buildActionMask = 2147483647;
			files = (
			);
			runOnlyForDeploymentPostprocessing = 0;
		};
/* End PBXResourcesBuildPhase section */

/* Begin PBXSourcesBuildPhase section */
		AFB3BC7623FB0F2F006BB76C /* Sources */ = {
			isa = PBXSourcesBuildPhase;
			buildActionMask = 2147483647;
			files = (
				AFB3BC8323FB0F2F006BB76C /* Affinis_Student_Messenger.xcdatamodeld in Sources */,
				AFB3BC7E23FB0F2F006BB76C /* AppDelegate.swift in Sources */,
				AFB3BC8523FB0F2F006BB76C /* ContentView.swift in Sources */,
				AFB3BC8023FB0F2F006BB76C /* SceneDelegate.swift in Sources */,
			);
			runOnlyForDeploymentPostprocessing = 0;
		};
		AFB3BC8F23FB0F30006BB76C /* Sources */ = {
			isa = PBXSourcesBuildPhase;
			buildActionMask = 2147483647;
			files = (
				AFB3BC9823FB0F30006BB76C /* Affinis_Student_MessengerTests.swift in Sources */,
			);
			runOnlyForDeploymentPostprocessing = 0;
		};
		AFB3BC9A23FB0F30006BB76C /* Sources */ = {
			isa = PBXSourcesBuildPhase;
			buildActionMask = 2147483647;
			files = (
				AFB3BCA323FB0F30006BB76C /* Affinis_Student_MessengerUITests.swift in Sources */,
			);
			runOnlyForDeploymentPostprocessing = 0;
		};
/* End PBXSourcesBuildPhase section */

/* Begin PBXTargetDependency section */
		AFB3BC9523FB0F30006BB76C /* PBXTargetDependency */ = {
			isa = PBXTargetDependency;
			target = AFB3BC7923FB0F2F006BB76C /* Affinis-Student-Messenger */;
			targetProxy = AFB3BC9423FB0F30006BB76C /* PBXContainerItemProxy */;
		};
		AFB3BCA023FB0F30006BB76C /* PBXTargetDependency */ = {
			isa = PBXTargetDependency;
			target = AFB3BC7923FB0F2F006BB76C /* Affinis-Student-Messenger */;
			targetProxy = AFB3BC9F23FB0F30006BB76C /* PBXContainerItemProxy */;
		};
/* End PBXTargetDependency section */

/* Begin PBXVariantGroup section */
		AFB3BC8B23FB0F30006BB76C /* LaunchScreen.storyboard */ = {
			isa = PBXVariantGroup;
			children = (
				AFB3BC8C23FB0F30006BB76C /* Base */,
			);
			name = LaunchScreen.storyboard;
			sourceTree = "<group>";
		};
/* End PBXVariantGroup section */

/* Begin XCBuildConfiguration section */
		AFB3BCA523FB0F30006BB76C /* Debug */ = {
			isa = XCBuildConfiguration;
			buildSettings = {
				ALWAYS_SEARCH_USER_PATHS = NO;
				CLANG_ANALYZER_NONNULL = YES;
				CLANG_ANALYZER_NUMBER_OBJECT_CONVERSION = YES_AGGRESSIVE;
				CLANG_CXX_LANGUAGE_STANDARD = "gnu++14";
				CLANG_CXX_LIBRARY = "libc++";
				CLANG_ENABLE_MODULES = YES;
				CLANG_ENABLE_OBJC_ARC = YES;
				CLANG_ENABLE_OBJC_WEAK = YES;
				CLANG_WARN_BLOCK_CAPTURE_AUTORELEASING = YES;
				CLANG_WARN_BOOL_CONVERSION = YES;
				CLANG_WARN_COMMA = YES;
				CLANG_WARN_CONSTANT_CONVERSION = YES;
				CLANG_WARN_DEPRECATED_OBJC_IMPLEMENTATIONS = YES;
				CLANG_WARN_DIRECT_OBJC_ISA_USAGE = YES_ERROR;
				CLANG_WARN_DOCUMENTATION_COMMENTS = YES;
				CLANG_WARN_EMPTY_BODY = YES;
				CLANG_WARN_ENUM_CONVERSION = YES;
				CLANG_WARN_INFINITE_RECURSION = YES;
				CLANG_WARN_INT_CONVERSION = YES;
				CLANG_WARN_NON_LITERAL_NULL_CONVERSION = YES;
				CLANG_WARN_OBJC_IMPLICIT_RETAIN_SELF = YES;
				CLANG_WARN_OBJC_LITERAL_CONVERSION = YES;
				CLANG_WARN_OBJC_ROOT_CLASS = YES_ERROR;
				CLANG_WARN_RANGE_LOOP_ANALYSIS = YES;
				CLANG_WARN_STRICT_PROTOTYPES = YES;
				CLANG_WARN_SUSPICIOUS_MOVE = YES;
				CLANG_WARN_UNGUARDED_AVAILABILITY = YES_AGGRESSIVE;
				CLANG_WARN_UNREACHABLE_CODE = YES;
				CLANG_WARN__DUPLICATE_METHOD_MATCH = YES;
				COPY_PHASE_STRIP = NO;
				DEBUG_INFORMATION_FORMAT = dwarf;
				ENABLE_STRICT_OBJC_MSGSEND = YES;
				ENABLE_TESTABILITY = YES;
				GCC_C_LANGUAGE_STANDARD = gnu11;
				GCC_DYNAMIC_NO_PIC = NO;
				GCC_NO_COMMON_BLOCKS = YES;
				GCC_OPTIMIZATION_LEVEL = 0;
				GCC_PREPROCESSOR_DEFINITIONS = (
					"DEBUG=1",
					"$(inherited)",
				);
				GCC_WARN_64_TO_32_BIT_CONVERSION = YES;
				GCC_WARN_ABOUT_RETURN_TYPE = YES_ERROR;
				GCC_WARN_UNDECLARED_SELECTOR = YES;
				GCC_WARN_UNINITIALIZED_AUTOS = YES_AGGRESSIVE;
				GCC_WARN_UNUSED_FUNCTION = YES;
				GCC_WARN_UNUSED_VARIABLE = YES;
				IPHONEOS_DEPLOYMENT_TARGET = 13.2;
				MTL_ENABLE_DEBUG_INFO = INCLUDE_SOURCE;
				MTL_FAST_MATH = YES;
				ONLY_ACTIVE_ARCH = YES;
				SDKROOT = iphoneos;
				SWIFT_ACTIVE_COMPILATION_CONDITIONS = DEBUG;
				SWIFT_OPTIMIZATION_LEVEL = "-Onone";
			};
			name = Debug;
		};
		AFB3BCA623FB0F30006BB76C /* Release */ = {
			isa = XCBuildConfiguration;
			buildSettings = {
				ALWAYS_SEARCH_USER_PATHS = NO;
				CLANG_ANALYZER_NONNULL = YES;
				CLANG_ANALYZER_NUMBER_OBJECT_CONVERSION = YES_AGGRESSIVE;
				CLANG_CXX_LANGUAGE_STANDARD = "gnu++14";
				CLANG_CXX_LIBRARY = "libc++";
				CLANG_ENABLE_MODULES = YES;
				CLANG_ENABLE_OBJC_ARC = YES;
				CLANG_ENABLE_OBJC_WEAK = YES;
				CLANG_WARN_BLOCK_CAPTURE_AUTORELEASING = YES;
				CLANG_WARN_BOOL_CONVERSION = YES;
				CLANG_WARN_COMMA = YES;
				CLANG_WARN_CONSTANT_CONVERSION = YES;
				CLANG_WARN_DEPRECATED_OBJC_IMPLEMENTATIONS = YES;
				CLANG_WARN_DIRECT_OBJC_ISA_USAGE = YES_ERROR;
				CLANG_WARN_DOCUMENTATION_COMMENTS = YES;
				CLANG_WARN_EMPTY_BODY = YES;
				CLANG_WARN_ENUM_CONVERSION = YES;
				CLANG_WARN_INFINITE_RECURSION = YES;
				CLANG_WARN_INT_CONVERSION = YES;
				CLANG_WARN_NON_LITERAL_NULL_CONVERSION = YES;
				CLANG_WARN_OBJC_IMPLICIT_RETAIN_SELF = YES;
				CLANG_WARN_OBJC_LITERAL_CONVERSION = YES;
				CLANG_WARN_OBJC_ROOT_CLASS = YES_ERROR;
				CLANG_WARN_RANGE_LOOP_ANALYSIS = YES;
				CLANG_WARN_STRICT_PROTOTYPES = YES;
				CLANG_WARN_SUSPICIOUS_MOVE = YES;
				CLANG_WARN_UNGUARDED_AVAILABILITY = YES_AGGRESSIVE;
				CLANG_WARN_UNREACHABLE_CODE = YES;
				CLANG_WARN__DUPLICATE_METHOD_MATCH = YES;
				COPY_PHASE_STRIP = NO;
				DEBUG_INFORMATION_FORMAT = "dwarf-with-dsym";
				ENABLE_NS_ASSERTIONS = NO;
				ENABLE_STRICT_OBJC_MSGSEND = YES;
				GCC_C_LANGUAGE_STANDARD = gnu11;
				GCC_NO_COMMON_BLOCKS = YES;
				GCC_WARN_64_TO_32_BIT_CONVERSION = YES;
				GCC_WARN_ABOUT_RETURN_TYPE = YES_ERROR;
				GCC_WARN_UNDECLARED_SELECTOR = YES;
				GCC_WARN_UNINITIALIZED_AUTOS = YES_AGGRESSIVE;
				GCC_WARN_UNUSED_FUNCTION = YES;
				GCC_WARN_UNUSED_VARIABLE = YES;
				IPHONEOS_DEPLOYMENT_TARGET = 13.2;
				MTL_ENABLE_DEBUG_INFO = NO;
				MTL_FAST_MATH = YES;
				SDKROOT = iphoneos;
				SWIFT_COMPILATION_MODE = wholemodule;
				SWIFT_OPTIMIZATION_LEVEL = "-O";
				VALIDATE_PRODUCT = YES;
			};
			name = Release;
		};
		AFB3BCA823FB0F30006BB76C /* Debug */ = {
			isa = XCBuildConfiguration;
			buildSettings = {
				ASSETCATALOG_COMPILER_APPICON_NAME = AppIcon;
				CODE_SIGN_STYLE = Automatic;
				DEVELOPMENT_ASSET_PATHS = "\"Affinis-Student-Messenger/Preview Content\"";
				DEVELOPMENT_TEAM = XW856SGWWQ;
				ENABLE_PREVIEWS = YES;
				INFOPLIST_FILE = "Affinis-Student-Messenger/Info.plist";
				LD_RUNPATH_SEARCH_PATHS = (
					"$(inherited)",
					"@executable_path/Frameworks",
				);
				PRODUCT_BUNDLE_IDENTIFIER = "ethanbutt.Affinis-Student-Messenger";
				PRODUCT_NAME = "$(TARGET_NAME)";
				SWIFT_VERSION = 5.0;
				TARGETED_DEVICE_FAMILY = "1,2";
			};
			name = Debug;
		};
		AFB3BCA923FB0F30006BB76C /* Release */ = {
			isa = XCBuildConfiguration;
			buildSettings = {
				ASSETCATALOG_COMPILER_APPICON_NAME = AppIcon;
				CODE_SIGN_STYLE = Automatic;
				DEVELOPMENT_ASSET_PATHS = "\"Affinis-Student-Messenger/Preview Content\"";
				DEVELOPMENT_TEAM = XW856SGWWQ;
				ENABLE_PREVIEWS = YES;
				INFOPLIST_FILE = "Affinis-Student-Messenger/Info.plist";
				LD_RUNPATH_SEARCH_PATHS = (
					"$(inherited)",
					"@executable_path/Frameworks",
				);
				PRODUCT_BUNDLE_IDENTIFIER = "ethanbutt.Affinis-Student-Messenger";
				PRODUCT_NAME = "$(TARGET_NAME)";
				SWIFT_VERSION = 5.0;
				TARGETED_DEVICE_FAMILY = "1,2";
			};
			name = Release;
		};
		AFB3BCAB23FB0F30006BB76C /* Debug */ = {
			isa = XCBuildConfiguration;
			buildSettings = {
				ALWAYS_EMBED_SWIFT_STANDARD_LIBRARIES = YES;
				BUNDLE_LOADER = "$(TEST_HOST)";
				CODE_SIGN_STYLE = Automatic;
				DEVELOPMENT_TEAM = XW856SGWWQ;
				INFOPLIST_FILE = "Affinis-Student-MessengerTests/Info.plist";
				IPHONEOS_DEPLOYMENT_TARGET = 13.2;
				LD_RUNPATH_SEARCH_PATHS = (
					"$(inherited)",
					"@executable_path/Frameworks",
					"@loader_path/Frameworks",
				);
				PRODUCT_BUNDLE_IDENTIFIER = "ethanbutt.Affinis-Student-MessengerTests";
				PRODUCT_NAME = "$(TARGET_NAME)";
				SWIFT_VERSION = 5.0;
				TARGETED_DEVICE_FAMILY = "1,2";
				TEST_HOST = "$(BUILT_PRODUCTS_DIR)/Affinis-Student-Messenger.app/Affinis-Student-Messenger";
			};
			name = Debug;
		};
		AFB3BCAC23FB0F30006BB76C /* Release */ = {
			isa = XCBuildConfiguration;
			buildSettings = {
				ALWAYS_EMBED_SWIFT_STANDARD_LIBRARIES = YES;
				BUNDLE_LOADER = "$(TEST_HOST)";
				CODE_SIGN_STYLE = Automatic;
				DEVELOPMENT_TEAM = XW856SGWWQ;
				INFOPLIST_FILE = "Affinis-Student-MessengerTests/Info.plist";
				IPHONEOS_DEPLOYMENT_TARGET = 13.2;
				LD_RUNPATH_SEARCH_PATHS = (
					"$(inherited)",
					"@executable_path/Frameworks",
					"@loader_path/Frameworks",
				);
				PRODUCT_BUNDLE_IDENTIFIER = "ethanbutt.Affinis-Student-MessengerTests";
				PRODUCT_NAME = "$(TARGET_NAME)";
				SWIFT_VERSION = 5.0;
				TARGETED_DEVICE_FAMILY = "1,2";
				TEST_HOST = "$(BUILT_PRODUCTS_DIR)/Affinis-Student-Messenger.app/Affinis-Student-Messenger";
			};
			name = Release;
		};
		AFB3BCAE23FB0F30006BB76C /* Debug */ = {
			isa = XCBuildConfiguration;
			buildSettings = {
				ALWAYS_EMBED_SWIFT_STANDARD_LIBRARIES = YES;
				CODE_SIGN_STYLE = Automatic;
				DEVELOPMENT_TEAM = XW856SGWWQ;
				INFOPLIST_FILE = "Affinis-Student-MessengerUITests/Info.plist";
				LD_RUNPATH_SEARCH_PATHS = (
					"$(inherited)",
					"@executable_path/Frameworks",
					"@loader_path/Frameworks",
				);
				PRODUCT_BUNDLE_IDENTIFIER = "ethanbutt.Affinis-Student-MessengerUITests";
				PRODUCT_NAME = "$(TARGET_NAME)";
				SWIFT_VERSION = 5.0;
				TARGETED_DEVICE_FAMILY = "1,2";
				TEST_TARGET_NAME = "Affinis-Student-Messenger";
			};
			name = Debug;
		};
		AFB3BCAF23FB0F30006BB76C /* Release */ = {
			isa = XCBuildConfiguration;
			buildSettings = {
				ALWAYS_EMBED_SWIFT_STANDARD_LIBRARIES = YES;
				CODE_SIGN_STYLE = Automatic;
				DEVELOPMENT_TEAM = XW856SGWWQ;
				INFOPLIST_FILE = "Affinis-Student-MessengerUITests/Info.plist";
				LD_RUNPATH_SEARCH_PATHS = (
					"$(inherited)",
					"@executable_path/Frameworks",
					"@loader_path/Frameworks",
				);
				PRODUCT_BUNDLE_IDENTIFIER = "ethanbutt.Affinis-Student-MessengerUITests";
				PRODUCT_NAME = "$(TARGET_NAME)";
				SWIFT_VERSION = 5.0;
				TARGETED_DEVICE_FAMILY = "1,2";
				TEST_TARGET_NAME = "Affinis-Student-Messenger";
			};
			name = Release;
		};
/* End XCBuildConfiguration section */

/* Begin XCConfigurationList section */
		AFB3BC7523FB0F2F006BB76C /* Build configuration list for PBXProject "Affinis-Student-Messenger" */ = {
			isa = XCConfigurationList;
			buildConfigurations = (
				AFB3BCA523FB0F30006BB76C /* Debug */,
				AFB3BCA623FB0F30006BB76C /* Release */,
			);
			defaultConfigurationIsVisible = 0;
			defaultConfigurationName = Release;
		};
		AFB3BCA723FB0F30006BB76C /* Build configuration list for PBXNativeTarget "Affinis-Student-Messenger" */ = {
			isa = XCConfigurationList;
			buildConfigurations = (
				AFB3BCA823FB0F30006BB76C /* Debug */,
				AFB3BCA923FB0F30006BB76C /* Release */,
			);
			defaultConfigurationIsVisible = 0;
			defaultConfigurationName = Release;
		};
		AFB3BCAA23FB0F30006BB76C /* Build configuration list for PBXNativeTarget "Affinis-Student-MessengerTests" */ = {
			isa = XCConfigurationList;
			buildConfigurations = (
				AFB3BCAB23FB0F30006BB76C /* Debug */,
				AFB3BCAC23FB0F30006BB76C /* Release */,
			);
			defaultConfigurationIsVisible = 0;
			defaultConfigurationName = Release;
		};
		AFB3BCAD23FB0F30006BB76C /* Build configuration list for PBXNativeTarget "Affinis-Student-MessengerUITests" */ = {
			isa = XCConfigurationList;
			buildConfigurations = (
				AFB3BCAE23FB0F30006BB76C /* Debug */,
				AFB3BCAF23FB0F30006BB76C /* Release */,
			);
			defaultConfigurationIsVisible = 0;
			defaultConfigurationName = Release;
		};
/* End XCConfigurationList section */

/* Begin XCVersionGroup section */
		AFB3BC8123FB0F2F006BB76C /* Affinis_Student_Messenger.xcdatamodeld */ = {
			isa = XCVersionGroup;
			children = (
				AFB3BC8223FB0F2F006BB76C /* Affinis_Student_Messenger.xcdatamodel */,
			);
			currentVersion = AFB3BC8223FB0F2F006BB76C /* Affinis_Student_Messenger.xcdatamodel */;
			path = Affinis_Student_Messenger.xcdatamodeld;
			sourceTree = "<group>";
			versionGroupType = wrapper.xcdatamodel;
		};
/* End XCVersionGroup section */
	};
	rootObject = AFB3BC7223FB0F2F006BB76C /* Project object */;
}
